lockfileVersion: '9.0'

settings:
  autoInstallPeers: true
  excludeLinksFromLockfile: false

importers:

  .:
    dependencies:
      '@vdeantoni/blessed':
        specifier: 1.0.0-alpha.3
        version: 1.0.0-alpha.3

packages:

  '@vdeantoni/blessed@1.0.0-alpha.3':
    resolution: {integrity: sha512-a+CsGfVYpx4J1AHKPAnCcsXAyA3YNjyc+mlbBAkHdg5PXD+pix1a8wLCr5DOk/o0c+ajaKdkIEoSpN0RsXyNsg==}
    engines: {node: '>= 22.0.0'}
    hasBin: true

snapshots:

  '@vdeantoni/blessed@1.0.0-alpha.3': {}
